
Microsoft Visual Studio Solution File, Format Version 12.00
# Visual Studio 16
Project("{FAE04EC0-301F-11D3-BF4B-00C04F79EFBC}") = "Scripts", "Scripts.csproj", "{C57AD8A1-B101-802D-D763-8F5F0A005265}"
EndProject
Project("{FAE04EC0-301F-11D3-BF4B-00C04F79EFBC}") = "Tests", "Tests.csproj", "{A1538DED-1DC6-17A7-3601-4A490F051C4C}"
EndProject
Global
	GlobalSection(SolutionConfigurationPlatforms) = preSolution
		Debug|Any CPU = Debug|Any CPU
		Release|Any CPU = Release|Any CPU
	EndGlobalSection
	GlobalSection(ProjectConfigurationPlatforms) = postSolution
		{C57AD8A1-B101-802D-D763-8F5F0A005265}.Debug|Any CPU.ActiveCfg = Debug|Any CPU
		{C57AD8A1-B101-802D-D763-8F5F0A005265}.Debug|Any CPU.Build.0 = Debug|Any CPU
		{C57AD8A1-B101-802D-D763-8F5F0A005265}.Release|Any CPU.ActiveCfg = Release|Any CPU
		{C57AD8A1-B101-802D-D763-8F5F0A005265}.Release|Any CPU.Build.0 = Release|Any CPU
		{A1538DED-1DC6-17A7-3601-4A490F051C4C}.Debug|Any CPU.ActiveCfg = Debug|Any CPU
		{A1538DED-1DC6-17A7-3601-4A490F051C4C}.Debug|Any CPU.Build.0 = Debug|Any CPU
		{A1538DED-1DC6-17A7-3601-4A490F051C4C}.Release|Any CPU.ActiveCfg = Release|Any CPU
		{A1538DED-1DC6-17A7-3601-4A490F051C4C}.Release|Any CPU.Build.0 = Release|Any CPU
	EndGlobalSection
	GlobalSection(SolutionProperties) = preSolution
		HideSolutionNode = FALSE
	EndGlobalSection
EndGlobal
